# This file is autogenerated, do not edit; changes may be undone by the next 'dep ensure'.


[[projects]]
  branch = "master"
  name = "github.com/atotto/clipboard"
  packages = ["."]
  revision = "bb272b845f1112e10117e3e45ce39f690c0001ad"

[[projects]]
  branch = "master"
  name = "github.com/aws/aws-sdk-go"
  packages = ["aws","aws/awserr","aws/awsutil","aws/client","aws/client/metadata","aws/corehandlers","aws/credentials","aws/credentials/ec2rolecreds","aws/credentials/endpointcreds","aws/credentials/stscreds","aws/defaults","aws/ec2metadata","aws/endpoints","aws/request","aws/session","aws/signer/v4","private/protocol","private/protocol/query","private/protocol/query/queryutil","private/protocol/rest","private/protocol/restxml","private/protocol/xml/xmlutil","service/s3","service/s3/s3iface","service/s3/s3manager","service/sts"]
  revision = "baba9e786eae5ba978f2007f8e718557b29157c8"

[[projects]]
  branch = "master"
  name = "github.com/go-ini/ini"
  packages = ["."]
  revision = "afbd495e5aaea13597b5e14fe514ddeaa4d76fc3"

[[projects]]
  branch = "int"
  name = "github.com/ieee0824/getenv"
  packages = ["."]
  revision = "8e1d760a7c1a2de60ef569837411bd7468743627"

[[projects]]
  branch = "master"
  name = "github.com/jmespath/go-jmespath"
  packages = ["."]
  revision = "c01cf91b011868172fdcd9f41838e80c9d716264"

[solve-meta]
  analyzer-name = "dep"
  analyzer-version = 1
  inputs-digest = "84881c4ada00c41ce4be956b941deac2b76a79037fa4dfd6e1495bee77d48e1b"
  solver-name = "gps-cdcl"
  solver-version = 1
